# THIS IS AN AUTOGENERATED FILE. DO NOT EDIT THIS FILE DIRECTLY.
# yarn lockfile v1


bindings@~1.2.1:
  version "1.2.1"
  resolved "https://registry.yarnpkg.com/bindings/-/bindings-1.2.1.tgz#14ad6113812d2d37d72e67b4cacb4bb726505f11"
  integrity sha1-FK1hE4EtLTfXLme0ystLtyZQXxE=

nan@~2.3.3:
  version "2.3.5"
  resolved "https://registry.yarnpkg.com/nan/-/nan-2.3.5.tgz#822a0dc266290ce4cd3a12282ca3e7e364668a08"
  integrity sha1-gioNwmYpDOTNOhIoLKPn42Rmigg=

reset-date-cache@^1.0.4:
  version "1.0.4"
  resolved "https://registry.yarnpkg.com/reset-date-cache/-/reset-date-cache-1.0.4.tgz#fb2facc5fc0b9c703c5fcdaebb96d625f99a1f55"
  integrity sha512-vkkPsxQxQW+sUBHuCgFD+Wlklnz4C97uG32kt80v9Y9VAUpk98e6e0FtDPe3/qecWtQF3SUPcwVKbyCDwo1MgQ==
  dependencies:
    bindings "~1.2.1"
    nan "~2.3.3"
